
Microsoft Visual Studio Solution File, Format Version 9.00
# Visual Studio 2005
Project("{FAE04EC0-301F-11D3-BF4B-00C04F79EFBC}") = "SchedulerModel", "SchedulerModel\SchedulerModel.csproj", "{24DDFCBF-3F9C-40F9-BD3F-C39B1265B0AA}"
EndProject
Global
	GlobalSection(SolutionConfigurationPlatforms) = preSolution
		Debug|Any CPU = Debug|Any CPU
		Release|Any CPU = Release|Any CPU
	EndGlobalSection
	GlobalSection(ProjectConfigurationPlatforms) = postSolution
		{24DDFCBF-3F9C-40F9-BD3F-C39B1265B0AA}.Debug|Any CPU.ActiveCfg = Debug|Any CPU
		{24DDFCBF-3F9C-40F9-BD3F-C39B1265B0AA}.Debug|Any CPU.Build.0 = Debug|Any CPU
		{24DDFCBF-3F9C-40F9-BD3F-C39B1265B0AA}.Release|Any CPU.ActiveCfg = Release|Any CPU
		{24DDFCBF-3F9C-40F9-BD3F-C39B1265B0AA}.Release|Any CPU.Build.0 = Release|Any CPU
	EndGlobalSection
	GlobalSection(SolutionProperties) = preSolution
		HideSolutionNode = FALSE
	EndGlobalSection
EndGlobal
