
Microsoft Visual Studio Solution File, Format Version 9.00
# Visual Studio 2005
Project("{FAE04EC0-301F-11D3-BF4B-00C04F79EFBC}") = "Model", "Model\Model.csproj", "{90B9AC54-7DF5-4FC9-B1DC-89515F77A340}"
EndProject
Project("{FAE04EC0-301F-11D3-BF4B-00C04F79EFBC}") = "Adapter", "Adapter\Adapter.csproj", "{C3E41BB8-8130-4685-AD0E-2FD078E6462F}"
EndProject
Global
	GlobalSection(SolutionConfigurationPlatforms) = preSolution
		Debug|Any CPU = Debug|Any CPU
		Release|Any CPU = Release|Any CPU
	EndGlobalSection
	GlobalSection(ProjectConfigurationPlatforms) = postSolution
		{90B9AC54-7DF5-4FC9-B1DC-89515F77A340}.Debug|Any CPU.ActiveCfg = Debug|Any CPU
		{90B9AC54-7DF5-4FC9-B1DC-89515F77A340}.Debug|Any CPU.Build.0 = Debug|Any CPU
		{90B9AC54-7DF5-4FC9-B1DC-89515F77A340}.Release|Any CPU.ActiveCfg = Release|Any CPU
		{90B9AC54-7DF5-4FC9-B1DC-89515F77A340}.Release|Any CPU.Build.0 = Release|Any CPU
		{C3E41BB8-8130-4685-AD0E-2FD078E6462F}.Debug|Any CPU.ActiveCfg = Debug|Any CPU
		{C3E41BB8-8130-4685-AD0E-2FD078E6462F}.Debug|Any CPU.Build.0 = Debug|Any CPU
		{C3E41BB8-8130-4685-AD0E-2FD078E6462F}.Release|Any CPU.ActiveCfg = Release|Any CPU
		{C3E41BB8-8130-4685-AD0E-2FD078E6462F}.Release|Any CPU.Build.0 = Release|Any CPU
	EndGlobalSection
	GlobalSection(SolutionProperties) = preSolution
		HideSolutionNode = FALSE
	EndGlobalSection
EndGlobal
