
Microsoft Visual Studio Solution File, Format Version 9.00
# Visual Studio 2005
Project("{FAE04EC0-301F-11D3-BF4B-00C04F79EFBC}") = "NModel", "NModel\NModel.csproj", "{9E9EA768-11CF-49DA-919F-3BD3C3EA942B}"
EndProject
Project("{FAE04EC0-301F-11D3-BF4B-00C04F79EFBC}") = "OTG", "OTG\OTG.csproj", "{5973C658-796F-4299-BB97-41E0B0D6D3F3}"
EndProject
Project("{FAE04EC0-301F-11D3-BF4B-00C04F79EFBC}") = "CT", "CT\CT.csproj", "{EF901B70-C9C4-4647-B48C-B20BE8D60E6E}"
EndProject
Project("{FAE04EC0-301F-11D3-BF4B-00C04F79EFBC}") = "MPV", "MPV\MPV.csproj", "{E7788AA3-20DE-4237-841F-08E1439ADE4A}"
EndProject
Project("{FAE04EC0-301F-11D3-BF4B-00C04F79EFBC}") = "Fsm2Dot", "Fsm2Dot\Fsm2Dot.csproj", "{BB72EBC0-6125-49AA-ABD6-F61680046773}"
EndProject
Project("{2150E333-8FDC-42A3-9474-1A3956D46DE8}") = "build", "build", "{67AF5EAC-E66B-4881-926C-208BA901A2CD}"
	ProjectSection(SolutionItems) = preProject
		..\build\buildNModelDocs.bat = ..\build\buildNModelDocs.bat
		..\build\main.wxs = ..\build\main.wxs
		..\build\nmodel.build.xml = ..\build\nmodel.build.xml
		..\build\nmodel.wxs = ..\build\nmodel.wxs
	EndProjectSection
EndProject
Project("{2150E333-8FDC-42A3-9474-1A3956D46DE8}") = "Tools", "Tools", "{45F975E0-FA9A-4AC4-B05A-5ECE974C4A81}"
EndProject
Project("{2150E333-8FDC-42A3-9474-1A3956D46DE8}") = "Tests", "Tests", "{142AD168-6246-4974-8028-CEC880D0E03B}"
EndProject
Project("{FAE04EC0-301F-11D3-BF4B-00C04F79EFBC}") = "NModel.Tests", "Tests\NModel.Tests\NModel.Tests.csproj", "{8199F906-49BD-4DAF-83A7-F65520AB8082}"
EndProject
Project("{FAE04EC0-301F-11D3-BF4B-00C04F79EFBC}") = "NModel.Visualization.Tests", "Tests\NModel.Visualization.Tests\NModel.Visualization.Tests.csproj", "{A5BFF0E5-A240-42F2-8956-B098EDCA8777}"
EndProject
Project("{FAE04EC0-301F-11D3-BF4B-00C04F79EFBC}") = "NModel.Visualization", "NModel.Visualization\NModel.Visualization.csproj", "{18CDB2C5-7380-47A5-96DE-0E51D77AF0C4}"
EndProject
Project("{FAE04EC0-301F-11D3-BF4B-00C04F79EFBC}") = "Mp2Dot", "Mp2Dot\Mp2Dot.csproj", "{817F08C0-6F73-49D4-BC7E-B330345CA9DB}"
EndProject
Project("{FAE04EC0-301F-11D3-BF4B-00C04F79EFBC}") = "MC", "MC\MC.csproj", "{EA6E7A33-3504-46B3-A96C-FBC207FA81A0}"
EndProject
Global
	GlobalSection(SolutionConfigurationPlatforms) = preSolution
		Debug|Any CPU = Debug|Any CPU
		Release|Any CPU = Release|Any CPU
	EndGlobalSection
	GlobalSection(ProjectConfigurationPlatforms) = postSolution
		{9E9EA768-11CF-49DA-919F-3BD3C3EA942B}.Debug|Any CPU.ActiveCfg = Debug|Any CPU
		{9E9EA768-11CF-49DA-919F-3BD3C3EA942B}.Debug|Any CPU.Build.0 = Debug|Any CPU
		{9E9EA768-11CF-49DA-919F-3BD3C3EA942B}.Release|Any CPU.ActiveCfg = Release|Any CPU
		{9E9EA768-11CF-49DA-919F-3BD3C3EA942B}.Release|Any CPU.Build.0 = Release|Any CPU
		{5973C658-796F-4299-BB97-41E0B0D6D3F3}.Debug|Any CPU.ActiveCfg = Debug|Any CPU
		{5973C658-796F-4299-BB97-41E0B0D6D3F3}.Debug|Any CPU.Build.0 = Debug|Any CPU
		{5973C658-796F-4299-BB97-41E0B0D6D3F3}.Release|Any CPU.ActiveCfg = Release|Any CPU
		{5973C658-796F-4299-BB97-41E0B0D6D3F3}.Release|Any CPU.Build.0 = Release|Any CPU
		{EF901B70-C9C4-4647-B48C-B20BE8D60E6E}.Debug|Any CPU.ActiveCfg = Debug|Any CPU
		{EF901B70-C9C4-4647-B48C-B20BE8D60E6E}.Debug|Any CPU.Build.0 = Debug|Any CPU
		{EF901B70-C9C4-4647-B48C-B20BE8D60E6E}.Release|Any CPU.ActiveCfg = Release|Any CPU
		{EF901B70-C9C4-4647-B48C-B20BE8D60E6E}.Release|Any CPU.Build.0 = Release|Any CPU
		{E7788AA3-20DE-4237-841F-08E1439ADE4A}.Debug|Any CPU.ActiveCfg = Debug|Any CPU
		{E7788AA3-20DE-4237-841F-08E1439ADE4A}.Debug|Any CPU.Build.0 = Debug|Any CPU
		{E7788AA3-20DE-4237-841F-08E1439ADE4A}.Release|Any CPU.ActiveCfg = Release|Any CPU
		{E7788AA3-20DE-4237-841F-08E1439ADE4A}.Release|Any CPU.Build.0 = Release|Any CPU
		{BB72EBC0-6125-49AA-ABD6-F61680046773}.Debug|Any CPU.ActiveCfg = Debug|Any CPU
		{BB72EBC0-6125-49AA-ABD6-F61680046773}.Debug|Any CPU.Build.0 = Debug|Any CPU
		{BB72EBC0-6125-49AA-ABD6-F61680046773}.Release|Any CPU.ActiveCfg = Release|Any CPU
		{BB72EBC0-6125-49AA-ABD6-F61680046773}.Release|Any CPU.Build.0 = Release|Any CPU
		{8199F906-49BD-4DAF-83A7-F65520AB8082}.Debug|Any CPU.ActiveCfg = Debug|Any CPU
		{8199F906-49BD-4DAF-83A7-F65520AB8082}.Debug|Any CPU.Build.0 = Debug|Any CPU
		{8199F906-49BD-4DAF-83A7-F65520AB8082}.Release|Any CPU.ActiveCfg = Release|Any CPU
		{8199F906-49BD-4DAF-83A7-F65520AB8082}.Release|Any CPU.Build.0 = Release|Any CPU
		{A5BFF0E5-A240-42F2-8956-B098EDCA8777}.Debug|Any CPU.ActiveCfg = Debug|Any CPU
		{A5BFF0E5-A240-42F2-8956-B098EDCA8777}.Debug|Any CPU.Build.0 = Debug|Any CPU
		{A5BFF0E5-A240-42F2-8956-B098EDCA8777}.Release|Any CPU.ActiveCfg = Release|Any CPU
		{A5BFF0E5-A240-42F2-8956-B098EDCA8777}.Release|Any CPU.Build.0 = Release|Any CPU
		{18CDB2C5-7380-47A5-96DE-0E51D77AF0C4}.Debug|Any CPU.ActiveCfg = Debug|Any CPU
		{18CDB2C5-7380-47A5-96DE-0E51D77AF0C4}.Debug|Any CPU.Build.0 = Debug|Any CPU
		{18CDB2C5-7380-47A5-96DE-0E51D77AF0C4}.Release|Any CPU.ActiveCfg = Release|Any CPU
		{18CDB2C5-7380-47A5-96DE-0E51D77AF0C4}.Release|Any CPU.Build.0 = Release|Any CPU
		{817F08C0-6F73-49D4-BC7E-B330345CA9DB}.Debug|Any CPU.ActiveCfg = Debug|Any CPU
		{817F08C0-6F73-49D4-BC7E-B330345CA9DB}.Debug|Any CPU.Build.0 = Debug|Any CPU
		{817F08C0-6F73-49D4-BC7E-B330345CA9DB}.Release|Any CPU.ActiveCfg = Release|Any CPU
		{817F08C0-6F73-49D4-BC7E-B330345CA9DB}.Release|Any CPU.Build.0 = Release|Any CPU
		{EA6E7A33-3504-46B3-A96C-FBC207FA81A0}.Debug|Any CPU.ActiveCfg = Debug|Any CPU
		{EA6E7A33-3504-46B3-A96C-FBC207FA81A0}.Debug|Any CPU.Build.0 = Debug|Any CPU
		{EA6E7A33-3504-46B3-A96C-FBC207FA81A0}.Release|Any CPU.ActiveCfg = Release|Any CPU
		{EA6E7A33-3504-46B3-A96C-FBC207FA81A0}.Release|Any CPU.Build.0 = Release|Any CPU
	EndGlobalSection
	GlobalSection(SolutionProperties) = preSolution
		HideSolutionNode = FALSE
	EndGlobalSection
	GlobalSection(NestedProjects) = preSolution
		{EF901B70-C9C4-4647-B48C-B20BE8D60E6E} = {45F975E0-FA9A-4AC4-B05A-5ECE974C4A81}
		{E7788AA3-20DE-4237-841F-08E1439ADE4A} = {45F975E0-FA9A-4AC4-B05A-5ECE974C4A81}
		{BB72EBC0-6125-49AA-ABD6-F61680046773} = {45F975E0-FA9A-4AC4-B05A-5ECE974C4A81}
		{5973C658-796F-4299-BB97-41E0B0D6D3F3} = {45F975E0-FA9A-4AC4-B05A-5ECE974C4A81}
		{817F08C0-6F73-49D4-BC7E-B330345CA9DB} = {45F975E0-FA9A-4AC4-B05A-5ECE974C4A81}
		{EA6E7A33-3504-46B3-A96C-FBC207FA81A0} = {45F975E0-FA9A-4AC4-B05A-5ECE974C4A81}
		{8199F906-49BD-4DAF-83A7-F65520AB8082} = {142AD168-6246-4974-8028-CEC880D0E03B}
		{A5BFF0E5-A240-42F2-8956-B098EDCA8777} = {142AD168-6246-4974-8028-CEC880D0E03B}
	EndGlobalSection
EndGlobal
